<?xml version="1.0" encoding="utf-8"?>
<Project ToolsVersion="4.0" xmlns="http://schemas.microsoft.com/developer/msbuild/2003">
  <ItemGroup>
    <Filter Include="Source Files">
      <UniqueIdentifier>{da239f3b-34ec-4922-9056-e9a0919f408a}</UniqueIdentifier>
      <Extensions>cpp;c;cxx;rc;def;r;odl;idl;hpj;bat</Extensions>
    </Filter>
    <Filter Include="Header Files">
      <UniqueIdentifier>{cc4d2046-c407-4fb1-a7b4-690064dd2c5e}</UniqueIdentifier>
      <Extensions>h;hpp;hxx;hm;inl</Extensions>
    </Filter>
    <Filter Include="Resource Files">
      <UniqueIdentifier>{50ba1d5f-6c2a-4b97-aebb-330bd9d9d3e1}</UniqueIdentifier>
      <Extensions>ico;cur;bmp;dlg;rc2;rct;bin;rgs;gif;jpg;jpeg;jpe</Extensions>
    </Filter>
  </ItemGroup>
  <ItemGroup>
    <ClCompile Include="CmdDevice.cpp">
      <Filter>Source Files</Filter>
    </ClCompile>
    <ClCompile Include="Document.cpp">
      <Filter>Source Files</Filter>
    </ClCompile>
    <ClCompile Include="htmlhelp.cpp">
      <Filter>Source Files</Filter>
    </ClCompile>
    <ClCompile Include="MouseLocate.cpp">
      <Filter>Source Files</Filter>
    </ClCompile>
    <ClCompile Include="Options.cpp">
      <Filter>Source Files</Filter>
    </ClCompile>
    <ClCompile Include="regSeAddin.cpp">
      <Filter>Source Files</Filter>
    </ClCompile>
    <ClCompile Include="SEAddin.cpp">
      <Filter>Source Files</Filter>
    </ClCompile>
    <ClCompile Include="StdAfx.cpp">
      <Filter>Source Files</Filter>
    </ClCompile>
    <ClCompile Include="util.cpp">
      <Filter>Source Files</Filter>
    </ClCompile>
    <ClCompile Include="SampleAddin.cpp">
      <Filter>Source Files</Filter>
    </ClCompile>
    <ClCompile Include="CmdApp.cpp">
      <Filter>Source Files</Filter>
    </ClCompile>
    <ClCompile Include="CmdUser.cpp">
      <Filter>Source Files</Filter>
    </ClCompile>
    <ClCompile Include="DrawGL.cpp">
      <Filter>Source Files</Filter>
    </ClCompile>
    <ClCompile Include="AddinMenu.cpp">
      <Filter>Source Files</Filter>
    </ClCompile>
  </ItemGroup>
  <ItemGroup>
    <None Include="res\bin1.bin">
      <Filter>Resource Files</Filter>
    </None>
    <None Include="res\bin2.bin">
      <Filter>Resource Files</Filter>
    </None>
    <None Include="res\binary1.bin">
      <Filter>Resource Files</Filter>
    </None>
    <None Include="res\bitmap1.bmp">
      <Filter>Resource Files</Filter>
    </None>
    <None Include="res\bitmap2.bmp">
      <Filter>Resource Files</Filter>
    </None>
    <None Include="res\bmp00001.bmp">
      <Filter>Resource Files</Filter>
    </None>
    <None Include="res\bmp00002.bmp">
      <Filter>Resource Files</Filter>
    </None>
    <None Include="res\CHECK.BMP">
      <Filter>Resource Files</Filter>
    </None>
    <None Include="res\TBarLrge.bmp">
      <Filter>Resource Files</Filter>
    </None>
    <None Include="res\TBarMedm.bmp">
      <Filter>Resource Files</Filter>
    </None>
    <None Include="res\toolbar_.bmp">
      <Filter>Resource Files</Filter>
    </None>
    <None Include="res\X.BMP">
      <Filter>Resource Files</Filter>
    </None>
    <None Include="SampleAddin.rgs">
      <Filter>Resource Files</Filter>
    </None>
    <None Include="res\AddIn_16.png">
      <Filter>Resource Files</Filter>
    </None>
    <None Include="res\AddIn_32.png">
      <Filter>Resource Files</Filter>
    </None>
    <None Include="res\AddIn_40.png">
      <Filter>Resource Files</Filter>
    </None>
    <None Include="SampleAddin.def">
      <Filter>Resource Files</Filter>
    </None>
  </ItemGroup>
  <ItemGroup>
    <ClInclude Include="CmdDevice.h">
      <Filter>Header Files</Filter>
    </ClInclude>
    <ClInclude Include="MouseLocate.h">
      <Filter>Header Files</Filter>
    </ClInclude>
    <ClInclude Include="Options.h">
      <Filter>Header Files</Filter>
    </ClInclude>
    <ClInclude Include="SEAddin.h">
      <Filter>Header Files</Filter>
    </ClInclude>
    <ClInclude Include="stdafx.h">
      <Filter>Header Files</Filter>
    </ClInclude>
    <ClInclude Include="util.h">
      <Filter>Header Files</Filter>
    </ClInclude>
    <ClInclude Include="SampleAddin.h">
      <Filter>Header Files</Filter>
    </ClInclude>
    <ClInclude Include="CmdApp.h">
      <Filter>Header Files</Filter>
    </ClInclude>
    <ClInclude Include="CmdUser.h">
      <Filter>Header Files</Filter>
    </ClInclude>
    <ClInclude Include="Document.h">
      <Filter>Header Files</Filter>
    </ClInclude>
    <ClInclude Include="DrawGL.h">
      <Filter>Header Files</Filter>
    </ClInclude>
    <ClInclude Include="resource.h">
      <Filter>Resource Files</Filter>
    </ClInclude>
    <ClInclude Include="AddinMenu.h">
      <Filter>Header Files</Filter>
    </ClInclude>
  </ItemGroup>
  <ItemGroup>
    <Image Include="res\DataBaseCheck.png">
      <Filter>Resource Files</Filter>
    </Image>
    <Image Include="res\folder_l.bmp">
      <Filter>Resource Files</Filter>
    </Image>
    <Image Include="res\folder_s.bmp">
      <Filter>Resource Files</Filter>
    </Image>
    <Image Include="res\ModelingCheckBar.bmp">
      <Filter>Resource Files</Filter>
    </Image>
  </ItemGroup>
  <ItemGroup>
    <ResourceCompile Include="SampleAddin.rc">
      <Filter>Resource Files</Filter>
    </ResourceCompile>
  </ItemGroup>
  <ItemGroup>
    <Midl Include="SampleAddin.idl">
      <Filter>Resource Files</Filter>
    </Midl>
  </ItemGroup>
</Project>